# THIS IS AN AUTOGENERATED FILE. DO NOT EDIT THIS FILE DIRECTLY.
# yarn lockfile v1


"@playwright/test@^1.37.1":
  "integrity" "sha512-bq9zTli3vWJo8S3LwB91U0qDNQDpEXnw7knhxLM0nwDvexQAwx9tO8iKDZSqqneVq+URd/WIoz+BALMqUTgdSg=="
  "resolved" "https://registry.npmjs.org/@playwright/test/-/test-1.37.1.tgz"
  "version" "1.37.1"
  dependencies:
    "@types/node" "*"
    "playwright-core" "1.37.1"
  optionalDependencies:
    "fsevents" "2.3.2"

"@types/node@*":
  "integrity" "sha512-PcGNd//40kHAS3sTlzKB9C9XL4K0sTup8nbG5lC14kzEteTNuAFh9u5nA0o5TWnSG2r/JNPRXFVcHJIIeRlmqQ=="
  "resolved" "https://registry.npmjs.org/@types/node/-/node-20.5.9.tgz"
  "version" "20.5.9"

"fsevents@2.3.2":
  "integrity" "sha512-xiqMQR4xAeHTuB9uWm+fFRcIOgKBMiOBP+eXiyT7jsgVCq1bkVygt00oASowB7EdtpOHaaPgKt812P9ab+DDKA=="
  "resolved" "https://registry.npmjs.org/fsevents/-/fsevents-2.3.2.tgz"
  "version" "2.3.2"

"playwright-core@1.37.1":
  "integrity" "sha512-17EuQxlSIYCmEMwzMqusJ2ztDgJePjrbttaefgdsiqeLWidjYz9BxXaTaZWxH1J95SHGk6tjE+dwgWILJoUZfA=="
  "resolved" "https://registry.npmjs.org/playwright-core/-/playwright-core-1.37.1.tgz"
  "version" "1.37.1"
